
Microsoft Visual Studio Solution File, Format Version 12.00
# Visual Studio Version 17
VisualStudioVersion = 17.14.36804.6 d17.14
MinimumVisualStudioVersion = 10.0.40219.1
Project("{FAE04EC0-301F-11D3-BF4B-00C04F79EFBC}") = "BlazorWasmApp22", "BlazorWasmApp22.csproj", "{A1128245-F59E-4DEE-8CAE-9D9BF7F05714}"
EndProject
Global
	GlobalSection(SolutionConfigurationPlatforms) = preSolution
		Debug|Any CPU = Debug|Any CPU
		Release|Any CPU = Release|Any CPU
	EndGlobalSection
	GlobalSection(ProjectConfigurationPlatforms) = postSolution
		{A1128245-F59E-4DEE-8CAE-9D9BF7F05714}.Debug|Any CPU.ActiveCfg = Debug|Any CPU
		{A1128245-F59E-4DEE-8CAE-9D9BF7F05714}.Debug|Any CPU.Build.0 = Debug|Any CPU
		{A1128245-F59E-4DEE-8CAE-9D9BF7F05714}.Release|Any CPU.ActiveCfg = Release|Any CPU
		{A1128245-F59E-4DEE-8CAE-9D9BF7F05714}.Release|Any CPU.Build.0 = Release|Any CPU
	EndGlobalSection
	GlobalSection(SolutionProperties) = preSolution
		HideSolutionNode = FALSE
	EndGlobalSection
	GlobalSection(ExtensibilityGlobals) = postSolution
		SolutionGuid = {9AA55A68-7653-46A7-B56B-8F71E07C1CFD}
	EndGlobalSection
EndGlobal
